// !$*UTF8*$!
{
	archiveVersion = 1;
	classes = {
	};
	objectVersion = 56;
	objects = {

/* Begin PBXBuildFile section */
		924BCBEC2C4B7A9C00ACE7A0 /* AppDelegate.swift in Sources */ = {isa = PBXBuildFile; fileRef = 924BCBEB2C4B7A9C00ACE7A0 /* AppDelegate.swift */; };
		924BCBF02C4B7A9C00ACE7A0 /* CarBrandViewController.swift in Sources */ = {isa = PBXBuildFile; fileRef = 924BCBEF2C4B7A9C00ACE7A0 /* CarBrandViewController.swift */; };
		924BCBF32C4B7A9C00ACE7A0 /* Main.storyboard in Resources */ = {isa = PBXBuildFile; fileRef = 924BCBF12C4B7A9C00ACE7A0 /* Main.storyboard */; };
		924BCBF52C4B7A9D00ACE7A0 /* Assets.xcassets in Resources */ = {isa = PBXBuildFile; fileRef = 924BCBF42C4B7A9D00ACE7A0 /* Assets.xcassets */; };
		924BCBF82C4B7A9D00ACE7A0 /* LaunchScreen.storyboard in Resources */ = {isa = PBXBuildFile; fileRef = 924BCBF62C4B7A9D00ACE7A0 /* LaunchScreen.storyboard */; };
		924BCC202C4B7E1100ACE7A0 /* CarBrandModel.swift in Sources */ = {isa = PBXBuildFile; fileRef = 924BCC1F2C4B7E1100ACE7A0 /* CarBrandModel.swift */; };
		924BCC222C4B800800ACE7A0 /* CarBrands.json in Resources */ = {isa = PBXBuildFile; fileRef = 924BCC212C4B800800ACE7A0 /* CarBrands.json */; };
		924BCC262C4B85BE00ACE7A0 /* FileReader.swift in Sources */ = {isa = PBXBuildFile; fileRef = 924BCC252C4B85BE00ACE7A0 /* FileReader.swift */; };
		924BCC2F2C4B8F5500ACE7A0 /* CarBrandViewModel.swift in Sources */ = {isa = PBXBuildFile; fileRef = 924BCC2E2C4B8F5500ACE7A0 /* CarBrandViewModel.swift */; };
		924BCC382C4B92D500ACE7A0 /* CarModelList.swift in Sources */ = {isa = PBXBuildFile; fileRef = 924BCC362C4B92D500ACE7A0 /* CarModelList.swift */; };
		924BCC392C4B92D500ACE7A0 /* CarModelList.xib in Resources */ = {isa = PBXBuildFile; fileRef = 924BCC372C4B92D500ACE7A0 /* CarModelList.xib */; };
		924BCC3C2C4B92FD00ACE7A0 /* CarBrandsCollectionCell.swift in Sources */ = {isa = PBXBuildFile; fileRef = 924BCC3A2C4B92FD00ACE7A0 /* CarBrandsCollectionCell.swift */; };
		924BCC3D2C4B92FD00ACE7A0 /* CarBrandsCollectionCell.xib in Resources */ = {isa = PBXBuildFile; fileRef = 924BCC3B2C4B92FD00ACE7A0 /* CarBrandsCollectionCell.xib */; };
		924BCC402C4BA2B000ACE7A0 /* CarBrandHeader.swift in Sources */ = {isa = PBXBuildFile; fileRef = 924BCC3F2C4BA2B000ACE7A0 /* CarBrandHeader.swift */; };
		924BCC422C4BA2FD00ACE7A0 /* CarBrandHeader.xib in Resources */ = {isa = PBXBuildFile; fileRef = 924BCC412C4BA2FD00ACE7A0 /* CarBrandHeader.xib */; };
		924BCC452C4BACC300ACE7A0 /* UIView.swift in Sources */ = {isa = PBXBuildFile; fileRef = 924BCC442C4BACC300ACE7A0 /* UIView.swift */; };
		924BCC472C4BCEA800ACE7A0 /* CustomFlowLayout.swift in Sources */ = {isa = PBXBuildFile; fileRef = 924BCC462C4BCEA800ACE7A0 /* CustomFlowLayout.swift */; };
		924BCC4A2C4BEE3800ACE7A0 /* TableHeaderSearchView.swift in Sources */ = {isa = PBXBuildFile; fileRef = 924BCC482C4BEE3700ACE7A0 /* TableHeaderSearchView.swift */; };
		92E1BEA32C515ECB003382DA /* FileReaderError.swift in Sources */ = {isa = PBXBuildFile; fileRef = 92E1BEA22C515ECB003382DA /* FileReaderError.swift */; };
		92E1BEA52C516051003382DA /* VehicleBrandProtocol.swift in Sources */ = {isa = PBXBuildFile; fileRef = 92E1BEA42C516051003382DA /* VehicleBrandProtocol.swift */; };
		92E1BEA72C517672003382DA /* CarBrandViewController+DataSourceDelegate.swift in Sources */ = {isa = PBXBuildFile; fileRef = 92E1BEA62C517672003382DA /* CarBrandViewController+DataSourceDelegate.swift */; };
		92E1BEA92C5180D6003382DA /* TableHeaderSearchView.xib in Resources */ = {isa = PBXBuildFile; fileRef = 92E1BEA82C5180D6003382DA /* TableHeaderSearchView.xib */; };
		92E1BEAB2C521EE0003382DA /* CellIdentifiers.swift in Sources */ = {isa = PBXBuildFile; fileRef = 92E1BEAA2C521EE0003382DA /* CellIdentifiers.swift */; };
		92E1BEB02C523117003382DA /* StatisticsViewController.swift in Sources */ = {isa = PBXBuildFile; fileRef = 92E1BEAE2C523117003382DA /* StatisticsViewController.swift */; };
		92E1BEB12C523117003382DA /* StatisticsViewController.xib in Resources */ = {isa = PBXBuildFile; fileRef = 92E1BEAF2C523117003382DA /* StatisticsViewController.xib */; };
		92E1BEBE2C536178003382DA /* CarDash.png in Resources */ = {isa = PBXBuildFile; fileRef = 92E1BEBD2C536178003382DA /* CarDash.png */; };
		92E39AAF2C57A6E600F0012F /* UITableViewExtension.swift in Sources */ = {isa = PBXBuildFile; fileRef = 92E39AAE2C57A6E600F0012F /* UITableViewExtension.swift */; };
		92E39AB12C57ABFA00F0012F /* StringConstants.swift in Sources */ = {isa = PBXBuildFile; fileRef = 92E39AB02C57ABFA00F0012F /* StringConstants.swift */; };
		92E39AB32C57B20700F0012F /* SizeConstants.swift in Sources */ = {isa = PBXBuildFile; fileRef = 92E39AB22C57B20700F0012F /* SizeConstants.swift */; };
/* End PBXBuildFile section */

/* Begin PBXContainerItemProxy section */
		924BCBFF2C4B7A9D00ACE7A0 /* PBXContainerItemProxy */ = {
			isa = PBXContainerItemProxy;
			containerPortal = 924BCBE02C4B7A9C00ACE7A0 /* Project object */;
			proxyType = 1;
			remoteGlobalIDString = 924BCBE72C4B7A9C00ACE7A0;
			remoteInfo = FourWheelManufacturersDemo;
		};
		924BCC092C4B7A9D00ACE7A0 /* PBXContainerItemProxy */ = {
			isa = PBXContainerItemProxy;
			containerPortal = 924BCBE02C4B7A9C00ACE7A0 /* Project object */;
			proxyType = 1;
			remoteGlobalIDString = 924BCBE72C4B7A9C00ACE7A0;
			remoteInfo = FourWheelManufacturersDemo;
		};
/* End PBXContainerItemProxy section */

/* Begin PBXFileReference section */
		924BCBE82C4B7A9C00ACE7A0 /* FourWheelManufacturersDemo.app */ = {isa = PBXFileReference; explicitFileType = wrapper.application; includeInIndex = 0; path = FourWheelManufacturersDemo.app; sourceTree = BUILT_PRODUCTS_DIR; };
		924BCBEB2C4B7A9C00ACE7A0 /* AppDelegate.swift */ = {isa = PBXFileReference; lastKnownFileType = sourcecode.swift; path = AppDelegate.swift; sourceTree = "<group>"; };
		924BCBEF2C4B7A9C00ACE7A0 /* CarBrandViewController.swift */ = {isa = PBXFileReference; lastKnownFileType = sourcecode.swift; path = CarBrandViewController.swift; sourceTree = "<group>"; };
		924BCBF22C4B7A9C00ACE7A0 /* Base */ = {isa = PBXFileReference; lastKnownFileType = file.storyboard; name = Base; path = Base.lproj/Main.storyboard; sourceTree = "<group>"; };
		924BCBF42C4B7A9D00ACE7A0 /* Assets.xcassets */ = {isa = PBXFileReference; lastKnownFileType = folder.assetcatalog; path = Assets.xcassets; sourceTree = "<group>"; };
		924BCBF72C4B7A9D00ACE7A0 /* Base */ = {isa = PBXFileReference; lastKnownFileType = file.storyboard; name = Base; path = Base.lproj/LaunchScreen.storyboard; sourceTree = "<group>"; };
		924BCBF92C4B7A9D00ACE7A0 /* Info.plist */ = {isa = PBXFileReference; lastKnownFileType = text.plist.xml; path = Info.plist; sourceTree = "<group>"; };
		924BCBFE2C4B7A9D00ACE7A0 /* FourWheelManufacturersDemoTests.xctest */ = {isa = PBXFileReference; explicitFileType = wrapper.cfbundle; includeInIndex = 0; path = FourWheelManufacturersDemoTests.xctest; sourceTree = BUILT_PRODUCTS_DIR; };
		924BCC082C4B7A9D00ACE7A0 /* FourWheelManufacturersDemoUITests.xctest */ = {isa = PBXFileReference; explicitFileType = wrapper.cfbundle; includeInIndex = 0; path = FourWheelManufacturersDemoUITests.xctest; sourceTree = BUILT_PRODUCTS_DIR; };
		924BCC1F2C4B7E1100ACE7A0 /* CarBrandModel.swift */ = {isa = PBXFileReference; lastKnownFileType = sourcecode.swift; path = CarBrandModel.swift; sourceTree = "<group>"; };
		924BCC212C4B800800ACE7A0 /* CarBrands.json */ = {isa = PBXFileReference; lastKnownFileType = text.json; path = CarBrands.json; sourceTree = "<group>"; };
		924BCC252C4B85BE00ACE7A0 /* FileReader.swift */ = {isa = PBXFileReference; lastKnownFileType = sourcecode.swift; path = FileReader.swift; sourceTree = "<group>"; };
		924BCC2E2C4B8F5500ACE7A0 /* CarBrandViewModel.swift */ = {isa = PBXFileReference; lastKnownFileType = sourcecode.swift; path = CarBrandViewModel.swift; sourceTree = "<group>"; };
		924BCC362C4B92D500ACE7A0 /* CarModelList.swift */ = {isa = PBXFileReference; lastKnownFileType = sourcecode.swift; path = CarModelList.swift; sourceTree = "<group>"; };
		924BCC372C4B92D500ACE7A0 /* CarModelList.xib */ = {isa = PBXFileReference; lastKnownFileType = file.xib; path = CarModelList.xib; sourceTree = "<group>"; };
		924BCC3A2C4B92FD00ACE7A0 /* CarBrandsCollectionCell.swift */ = {isa = PBXFileReference; lastKnownFileType = sourcecode.swift; path = CarBrandsCollectionCell.swift; sourceTree = "<group>"; };
		924BCC3B2C4B92FD00ACE7A0 /* CarBrandsCollectionCell.xib */ = {isa = PBXFileReference; lastKnownFileType = file.xib; path = CarBrandsCollectionCell.xib; sourceTree = "<group>"; };
		924BCC3F2C4BA2B000ACE7A0 /* CarBrandHeader.swift */ = {isa = PBXFileReference; lastKnownFileType = sourcecode.swift; path = CarBrandHeader.swift; sourceTree = "<group>"; };
		924BCC412C4BA2FD00ACE7A0 /* CarBrandHeader.xib */ = {isa = PBXFileReference; lastKnownFileType = file.xib; path = CarBrandHeader.xib; sourceTree = "<group>"; };
		924BCC442C4BACC300ACE7A0 /* UIView.swift */ = {isa = PBXFileReference; lastKnownFileType = sourcecode.swift; path = UIView.swift; sourceTree = "<group>"; };
		924BCC462C4BCEA800ACE7A0 /* CustomFlowLayout.swift */ = {isa = PBXFileReference; lastKnownFileType = sourcecode.swift; path = CustomFlowLayout.swift; sourceTree = "<group>"; };
		924BCC482C4BEE3700ACE7A0 /* TableHeaderSearchView.swift */ = {isa = PBXFileReference; fileEncoding = 4; lastKnownFileType = sourcecode.swift; path = TableHeaderSearchView.swift; sourceTree = "<group>"; };
		92E1BEA22C515ECB003382DA /* FileReaderError.swift */ = {isa = PBXFileReference; lastKnownFileType = sourcecode.swift; path = FileReaderError.swift; sourceTree = "<group>"; };
		92E1BEA42C516051003382DA /* VehicleBrandProtocol.swift */ = {isa = PBXFileReference; lastKnownFileType = sourcecode.swift; path = VehicleBrandProtocol.swift; sourceTree = "<group>"; };
		92E1BEA62C517672003382DA /* CarBrandViewController+DataSourceDelegate.swift */ = {isa = PBXFileReference; lastKnownFileType = sourcecode.swift; path = "CarBrandViewController+DataSourceDelegate.swift"; sourceTree = "<group>"; };
		92E1BEA82C5180D6003382DA /* TableHeaderSearchView.xib */ = {isa = PBXFileReference; fileEncoding = 4; lastKnownFileType = file.xib; path = TableHeaderSearchView.xib; sourceTree = "<group>"; };
		92E1BEAA2C521EE0003382DA /* CellIdentifiers.swift */ = {isa = PBXFileReference; lastKnownFileType = sourcecode.swift; path = CellIdentifiers.swift; sourceTree = "<group>"; };
		92E1BEAE2C523117003382DA /* StatisticsViewController.swift */ = {isa = PBXFileReference; lastKnownFileType = sourcecode.swift; path = StatisticsViewController.swift; sourceTree = "<group>"; };
		92E1BEAF2C523117003382DA /* StatisticsViewController.xib */ = {isa = PBXFileReference; lastKnownFileType = file.xib; path = StatisticsViewController.xib; sourceTree = "<group>"; };
		92E1BEBD2C536178003382DA /* CarDash.png */ = {isa = PBXFileReference; lastKnownFileType = image.png; path = CarDash.png; sourceTree = "<group>"; };
		92E39AAE2C57A6E600F0012F /* UITableViewExtension.swift */ = {isa = PBXFileReference; lastKnownFileType = sourcecode.swift; path = UITableViewExtension.swift; sourceTree = "<group>"; };
		92E39AB02C57ABFA00F0012F /* StringConstants.swift */ = {isa = PBXFileReference; lastKnownFileType = sourcecode.swift; path = StringConstants.swift; sourceTree = "<group>"; };
		92E39AB22C57B20700F0012F /* SizeConstants.swift */ = {isa = PBXFileReference; lastKnownFileType = sourcecode.swift; path = SizeConstants.swift; sourceTree = "<group>"; };
/* End PBXFileReference section */

/* Begin PBXFrameworksBuildPhase section */
		924BCBE52C4B7A9C00ACE7A0 /* Frameworks */ = {
			isa = PBXFrameworksBuildPhase;
			buildActionMask = 2147483647;
			files = (
			);
			runOnlyForDeploymentPostprocessing = 0;
		};
		924BCBFB2C4B7A9D00ACE7A0 /* Frameworks */ = {
			isa = PBXFrameworksBuildPhase;
			buildActionMask = 2147483647;
			files = (
			);
			runOnlyForDeploymentPostprocessing = 0;
		};
		924BCC052C4B7A9D00ACE7A0 /* Frameworks */ = {
			isa = PBXFrameworksBuildPhase;
			buildActionMask = 2147483647;
			files = (
			);
			runOnlyForDeploymentPostprocessing = 0;
		};
/* End PBXFrameworksBuildPhase section */

/* Begin PBXGroup section */
		924BCBDF2C4B7A9C00ACE7A0 = {
			isa = PBXGroup;
			children = (
				924BCBEA2C4B7A9C00ACE7A0 /* FourWheelManufacturersDemo */,
				924BCBE92C4B7A9C00ACE7A0 /* Products */,
			);
			sourceTree = "<group>";
		};
		924BCBE92C4B7A9C00ACE7A0 /* Products */ = {
			isa = PBXGroup;
			children = (
				924BCBE82C4B7A9C00ACE7A0 /* FourWheelManufacturersDemo.app */,
				924BCBFE2C4B7A9D00ACE7A0 /* FourWheelManufacturersDemoTests.xctest */,
				924BCC082C4B7A9D00ACE7A0 /* FourWheelManufacturersDemoUITests.xctest */,
			);
			name = Products;
			sourceTree = "<group>";
		};
		924BCBEA2C4B7A9C00ACE7A0 /* FourWheelManufacturersDemo */ = {
			isa = PBXGroup;
			children = (
				924BCBEB2C4B7A9C00ACE7A0 /* AppDelegate.swift */,
				924BCC292C4B88ED00ACE7A0 /* VehicalListing */,
				924BCC242C4B852F00ACE7A0 /* Utities */,
				924BCC2B2C4B89D200ACE7A0 /* Resources */,
				924BCBF92C4B7A9D00ACE7A0 /* Info.plist */,
			);
			path = FourWheelManufacturersDemo;
			sourceTree = "<group>";
		};
		924BCC1B2C4B7B4A00ACE7A0 /* Model */ = {
			isa = PBXGroup;
			children = (
				924BCC1F2C4B7E1100ACE7A0 /* CarBrandModel.swift */,
			);
			path = Model;
			sourceTree = "<group>";
		};
		924BCC1C2C4B7B5100ACE7A0 /* ViewModel */ = {
			isa = PBXGroup;
			children = (
				924BCC2E2C4B8F5500ACE7A0 /* CarBrandViewModel.swift */,
				92E1BEA42C516051003382DA /* VehicleBrandProtocol.swift */,
			);
			path = ViewModel;
			sourceTree = "<group>";
		};
		924BCC1D2C4B7B6900ACE7A0 /* View */ = {
			isa = PBXGroup;
			children = (
				92E1BEAD2C5230A9003382DA /* StatisticsViewController */,
				92E1BEAC2C523096003382DA /* CarBrandViewController */,
				924BCC3E2C4BA29300ACE7A0 /* HeaderView */,
				924BCC342C4B929B00ACE7A0 /* TableViewCell */,
				924BCC352C4B92AE00ACE7A0 /* CollectionViewCell */,
			);
			path = View;
			sourceTree = "<group>";
		};
		924BCC242C4B852F00ACE7A0 /* Utities */ = {
			isa = PBXGroup;
			children = (
				924BCC432C4BACB200ACE7A0 /* Extensions */,
				924BCC2D2C4B8A9F00ACE7A0 /* Constant */,
				924BCC2C2C4B8A9D00ACE7A0 /* FileReader */,
			);
			path = Utities;
			sourceTree = "<group>";
		};
		924BCC292C4B88ED00ACE7A0 /* VehicalListing */ = {
			isa = PBXGroup;
			children = (
				924BCC1B2C4B7B4A00ACE7A0 /* Model */,
				924BCC1D2C4B7B6900ACE7A0 /* View */,
				924BCC1C2C4B7B5100ACE7A0 /* ViewModel */,
			);
			path = VehicalListing;
			sourceTree = "<group>";
		};
		924BCC2B2C4B89D200ACE7A0 /* Resources */ = {
			isa = PBXGroup;
			children = (
				924BCBF12C4B7A9C00ACE7A0 /* Main.storyboard */,
				924BCBF42C4B7A9D00ACE7A0 /* Assets.xcassets */,
				92E1BEBD2C536178003382DA /* CarDash.png */,
				924BCBF62C4B7A9D00ACE7A0 /* LaunchScreen.storyboard */,
				924BCC212C4B800800ACE7A0 /* CarBrands.json */,
			);
			path = Resources;
			sourceTree = "<group>";
		};
		924BCC2C2C4B8A9D00ACE7A0 /* FileReader */ = {
			isa = PBXGroup;
			children = (
				924BCC252C4B85BE00ACE7A0 /* FileReader.swift */,
			);
			path = FileReader;
			sourceTree = "<group>";
		};
		924BCC2D2C4B8A9F00ACE7A0 /* Constant */ = {
			isa = PBXGroup;
			children = (
				92E1BEA22C515ECB003382DA /* FileReaderError.swift */,
				92E1BEAA2C521EE0003382DA /* CellIdentifiers.swift */,
				92E39AB02C57ABFA00F0012F /* StringConstants.swift */,
				92E39AB22C57B20700F0012F /* SizeConstants.swift */,
			);
			path = Constant;
			sourceTree = "<group>";
		};
		924BCC342C4B929B00ACE7A0 /* TableViewCell */ = {
			isa = PBXGroup;
			children = (
				924BCC362C4B92D500ACE7A0 /* CarModelList.swift */,
				924BCC372C4B92D500ACE7A0 /* CarModelList.xib */,
			);
			name = TableViewCell;
			path = TableviewCell/TableViewCell;
			sourceTree = "<group>";
		};
		924BCC352C4B92AE00ACE7A0 /* CollectionViewCell */ = {
			isa = PBXGroup;
			children = (
				924BCC3A2C4B92FD00ACE7A0 /* CarBrandsCollectionCell.swift */,
				924BCC3B2C4B92FD00ACE7A0 /* CarBrandsCollectionCell.xib */,
			);
			path = CollectionViewCell;
			sourceTree = "<group>";
		};
		924BCC3E2C4BA29300ACE7A0 /* HeaderView */ = {
			isa = PBXGroup;
			children = (
				924BCC462C4BCEA800ACE7A0 /* CustomFlowLayout.swift */,
				924BCC482C4BEE3700ACE7A0 /* TableHeaderSearchView.swift */,
				92E1BEA82C5180D6003382DA /* TableHeaderSearchView.xib */,
				924BCC3F2C4BA2B000ACE7A0 /* CarBrandHeader.swift */,
				924BCC412C4BA2FD00ACE7A0 /* CarBrandHeader.xib */,
			);
			path = HeaderView;
			sourceTree = "<group>";
		};
		924BCC432C4BACB200ACE7A0 /* Extensions */ = {
			isa = PBXGroup;
			children = (
				924BCC442C4BACC300ACE7A0 /* UIView.swift */,
				92E39AAE2C57A6E600F0012F /* UITableViewExtension.swift */,
			);
			path = Extensions;
			sourceTree = "<group>";
		};
		92E1BEAC2C523096003382DA /* CarBrandViewController */ = {
			isa = PBXGroup;
			children = (
				924BCBEF2C4B7A9C00ACE7A0 /* CarBrandViewController.swift */,
				92E1BEA62C517672003382DA /* CarBrandViewController+DataSourceDelegate.swift */,
			);
			path = CarBrandViewController;
			sourceTree = "<group>";
		};
		92E1BEAD2C5230A9003382DA /* StatisticsViewController */ = {
			isa = PBXGroup;
			children = (
				92E1BEAE2C523117003382DA /* StatisticsViewController.swift */,
				92E1BEAF2C523117003382DA /* StatisticsViewController.xib */,
			);
			path = StatisticsViewController;
			sourceTree = "<group>";
		};
/* End PBXGroup section */

/* Begin PBXNativeTarget section */
		924BCBE72C4B7A9C00ACE7A0 /* FourWheelManufacturersDemo */ = {
			isa = PBXNativeTarget;
			buildConfigurationList = 924BCC122C4B7A9D00ACE7A0 /* Build configuration list for PBXNativeTarget "FourWheelManufacturersDemo" */;
			buildPhases = (
				924BCBE42C4B7A9C00ACE7A0 /* Sources */,
				924BCBE52C4B7A9C00ACE7A0 /* Frameworks */,
				924BCBE62C4B7A9C00ACE7A0 /* Resources */,
			);
			buildRules = (
			);
			dependencies = (
			);
			name = FourWheelManufacturersDemo;
			productName = FourWheelManufacturersDemo;
			productReference = 924BCBE82C4B7A9C00ACE7A0 /* FourWheelManufacturersDemo.app */;
			productType = "com.apple.product-type.application";
		};
		924BCBFD2C4B7A9D00ACE7A0 /* FourWheelManufacturersDemoTests */ = {
			isa = PBXNativeTarget;
			buildConfigurationList = 924BCC152C4B7A9D00ACE7A0 /* Build configuration list for PBXNativeTarget "FourWheelManufacturersDemoTests" */;
			buildPhases = (
				924BCBFA2C4B7A9D00ACE7A0 /* Sources */,
				924BCBFB2C4B7A9D00ACE7A0 /* Frameworks */,
				924BCBFC2C4B7A9D00ACE7A0 /* Resources */,
			);
			buildRules = (
			);
			dependencies = (
				924BCC002C4B7A9D00ACE7A0 /* PBXTargetDependency */,
			);
			name = FourWheelManufacturersDemoTests;
			productName = FourWheelManufacturersDemoTests;
			productReference = 924BCBFE2C4B7A9D00ACE7A0 /* FourWheelManufacturersDemoTests.xctest */;
			productType = "com.apple.product-type.bundle.unit-test";
		};
		924BCC072C4B7A9D00ACE7A0 /* FourWheelManufacturersDemoUITests */ = {
			isa = PBXNativeTarget;
			buildConfigurationList = 924BCC182C4B7A9D00ACE7A0 /* Build configuration list for PBXNativeTarget "FourWheelManufacturersDemoUITests" */;
			buildPhases = (
				924BCC042C4B7A9D00ACE7A0 /* Sources */,
				924BCC052C4B7A9D00ACE7A0 /* Frameworks */,
				924BCC062C4B7A9D00ACE7A0 /* Resources */,
			);
			buildRules = (
			);
			dependencies = (
				924BCC0A2C4B7A9D00ACE7A0 /* PBXTargetDependency */,
			);
			name = FourWheelManufacturersDemoUITests;
			productName = FourWheelManufacturersDemoUITests;
			productReference = 924BCC082C4B7A9D00ACE7A0 /* FourWheelManufacturersDemoUITests.xctest */;
			productType = "com.apple.product-type.bundle.ui-testing";
		};
/* End PBXNativeTarget section */

/* Begin PBXProject section */
		924BCBE02C4B7A9C00ACE7A0 /* Project object */ = {
			isa = PBXProject;
			attributes = {
				BuildIndependentTargetsInParallel = 1;
				LastSwiftUpdateCheck = 1500;
				LastUpgradeCheck = 1500;
				TargetAttributes = {
					924BCBE72C4B7A9C00ACE7A0 = {
						CreatedOnToolsVersion = 15.0;
					};
					924BCBFD2C4B7A9D00ACE7A0 = {
						CreatedOnToolsVersion = 15.0;
						TestTargetID = 924BCBE72C4B7A9C00ACE7A0;
					};
					924BCC072C4B7A9D00ACE7A0 = {
						CreatedOnToolsVersion = 15.0;
						TestTargetID = 924BCBE72C4B7A9C00ACE7A0;
					};
				};
			};
			buildConfigurationList = 924BCBE32C4B7A9C00ACE7A0 /* Build configuration list for PBXProject "FourWheelManufacturersDemo" */;
			compatibilityVersion = "Xcode 14.0";
			developmentRegion = en;
			hasScannedForEncodings = 0;
			knownRegions = (
				en,
				Base,
			);
			mainGroup = 924BCBDF2C4B7A9C00ACE7A0;
			productRefGroup = 924BCBE92C4B7A9C00ACE7A0 /* Products */;
			projectDirPath = "";
			projectRoot = "";
			targets = (
				924BCBE72C4B7A9C00ACE7A0 /* FourWheelManufacturersDemo */,
				924BCBFD2C4B7A9D00ACE7A0 /* FourWheelManufacturersDemoTests */,
				924BCC072C4B7A9D00ACE7A0 /* FourWheelManufacturersDemoUITests */,
			);
		};
/* End PBXProject section */

/* Begin PBXResourcesBuildPhase section */
		924BCBE62C4B7A9C00ACE7A0 /* Resources */ = {
			isa = PBXResourcesBuildPhase;
			buildActionMask = 2147483647;
			files = (
				924BCBF82C4B7A9D00ACE7A0 /* LaunchScreen.storyboard in Resources */,
				924BCC422C4BA2FD00ACE7A0 /* CarBrandHeader.xib in Resources */,
				924BCBF52C4B7A9D00ACE7A0 /* Assets.xcassets in Resources */,
				92E1BEB12C523117003382DA /* StatisticsViewController.xib in Resources */,
				924BCC392C4B92D500ACE7A0 /* CarModelList.xib in Resources */,
				92E1BEBE2C536178003382DA /* CarDash.png in Resources */,
				92E1BEA92C5180D6003382DA /* TableHeaderSearchView.xib in Resources */,
				924BCC222C4B800800ACE7A0 /* CarBrands.json in Resources */,
				924BCC3D2C4B92FD00ACE7A0 /* CarBrandsCollectionCell.xib in Resources */,
				924BCBF32C4B7A9C00ACE7A0 /* Main.storyboard in Resources */,
			);
			runOnlyForDeploymentPostprocessing = 0;
		};
		924BCBFC2C4B7A9D00ACE7A0 /* Resources */ = {
			isa = PBXResourcesBuildPhase;
			buildActionMask = 2147483647;
			files = (
			);
			runOnlyForDeploymentPostprocessing = 0;
		};
		924BCC062C4B7A9D00ACE7A0 /* Resources */ = {
			isa = PBXResourcesBuildPhase;
			buildActionMask = 2147483647;
			files = (
			);
			runOnlyForDeploymentPostprocessing = 0;
		};
/* End PBXResourcesBuildPhase section */

/* Begin PBXSourcesBuildPhase section */
		924BCBE42C4B7A9C00ACE7A0 /* Sources */ = {
			isa = PBXSourcesBuildPhase;
			buildActionMask = 2147483647;
			files = (
				924BCC382C4B92D500ACE7A0 /* CarModelList.swift in Sources */,
				92E1BEA32C515ECB003382DA /* FileReaderError.swift in Sources */,
				92E39AB12C57ABFA00F0012F /* StringConstants.swift in Sources */,
				924BCC202C4B7E1100ACE7A0 /* CarBrandModel.swift in Sources */,
				92E1BEB02C523117003382DA /* StatisticsViewController.swift in Sources */,
				92E1BEA72C517672003382DA /* CarBrandViewController+DataSourceDelegate.swift in Sources */,
				924BCBF02C4B7A9C00ACE7A0 /* CarBrandViewController.swift in Sources */,
				924BCC262C4B85BE00ACE7A0 /* FileReader.swift in Sources */,
				924BCC4A2C4BEE3800ACE7A0 /* TableHeaderSearchView.swift in Sources */,
				92E39AAF2C57A6E600F0012F /* UITableViewExtension.swift in Sources */,
				92E39AB32C57B20700F0012F /* SizeConstants.swift in Sources */,
				924BCC2F2C4B8F5500ACE7A0 /* CarBrandViewModel.swift in Sources */,
				92E1BEA52C516051003382DA /* VehicleBrandProtocol.swift in Sources */,
				92E1BEAB2C521EE0003382DA /* CellIdentifiers.swift in Sources */,
				924BCC3C2C4B92FD00ACE7A0 /* CarBrandsCollectionCell.swift in Sources */,
				924BCBEC2C4B7A9C00ACE7A0 /* AppDelegate.swift in Sources */,
				924BCC402C4BA2B000ACE7A0 /* CarBrandHeader.swift in Sources */,
				924BCC452C4BACC300ACE7A0 /* UIView.swift in Sources */,
				924BCC472C4BCEA800ACE7A0 /* CustomFlowLayout.swift in Sources */,
			);
			runOnlyForDeploymentPostprocessing = 0;
		};
		924BCBFA2C4B7A9D00ACE7A0 /* Sources */ = {
			isa = PBXSourcesBuildPhase;
			buildActionMask = 2147483647;
			files = (
			);
			runOnlyForDeploymentPostprocessing = 0;
		};
		924BCC042C4B7A9D00ACE7A0 /* Sources */ = {
			isa = PBXSourcesBuildPhase;
			buildActionMask = 2147483647;
			files = (
			);
			runOnlyForDeploymentPostprocessing = 0;
		};
/* End PBXSourcesBuildPhase section */

/* Begin PBXTargetDependency section */
		924BCC002C4B7A9D00ACE7A0 /* PBXTargetDependency */ = {
			isa = PBXTargetDependency;
			target = 924BCBE72C4B7A9C00ACE7A0 /* FourWheelManufacturersDemo */;
			targetProxy = 924BCBFF2C4B7A9D00ACE7A0 /* PBXContainerItemProxy */;
		};
		924BCC0A2C4B7A9D00ACE7A0 /* PBXTargetDependency */ = {
			isa = PBXTargetDependency;
			target = 924BCBE72C4B7A9C00ACE7A0 /* FourWheelManufacturersDemo */;
			targetProxy = 924BCC092C4B7A9D00ACE7A0 /* PBXContainerItemProxy */;
		};
/* End PBXTargetDependency section */

/* Begin PBXVariantGroup section */
		924BCBF12C4B7A9C00ACE7A0 /* Main.storyboard */ = {
			isa = PBXVariantGroup;
			children = (
				924BCBF22C4B7A9C00ACE7A0 /* Base */,
			);
			name = Main.storyboard;
			sourceTree = "<group>";
		};
		924BCBF62C4B7A9D00ACE7A0 /* LaunchScreen.storyboard */ = {
			isa = PBXVariantGroup;
			children = (
				924BCBF72C4B7A9D00ACE7A0 /* Base */,
			);
			name = LaunchScreen.storyboard;
			sourceTree = "<group>";
		};
/* End PBXVariantGroup section */

/* Begin XCBuildConfiguration section */
		924BCC102C4B7A9D00ACE7A0 /* Debug */ = {
			isa = XCBuildConfiguration;
			buildSettings = {
				ALWAYS_SEARCH_USER_PATHS = NO;
				ASSETCATALOG_COMPILER_GENERATE_SWIFT_ASSET_SYMBOL_EXTENSIONS = YES;
				CLANG_ANALYZER_NONNULL = YES;
				CLANG_ANALYZER_NUMBER_OBJECT_CONVERSION = YES_AGGRESSIVE;
				CLANG_CXX_LANGUAGE_STANDARD = "gnu++20";
				CLANG_ENABLE_MODULES = YES;
				CLANG_ENABLE_OBJC_ARC = YES;
				CLANG_ENABLE_OBJC_WEAK = YES;
				CLANG_WARN_BLOCK_CAPTURE_AUTORELEASING = YES;
				CLANG_WARN_BOOL_CONVERSION = YES;
				CLANG_WARN_COMMA = YES;
				CLANG_WARN_CONSTANT_CONVERSION = YES;
				CLANG_WARN_DEPRECATED_OBJC_IMPLEMENTATIONS = YES;
				CLANG_WARN_DIRECT_OBJC_ISA_USAGE = YES_ERROR;
				CLANG_WARN_DOCUMENTATION_COMMENTS = YES;
				CLANG_WARN_EMPTY_BODY = YES;
				CLANG_WARN_ENUM_CONVERSION = YES;
				CLANG_WARN_INFINITE_RECURSION = YES;
				CLANG_WARN_INT_CONVERSION = YES;
				CLANG_WARN_NON_LITERAL_NULL_CONVERSION = YES;
				CLANG_WARN_OBJC_IMPLICIT_RETAIN_SELF = YES;
				CLANG_WARN_OBJC_LITERAL_CONVERSION = YES;
				CLANG_WARN_OBJC_ROOT_CLASS = YES_ERROR;
				CLANG_WARN_QUOTED_INCLUDE_IN_FRAMEWORK_HEADER = YES;
				CLANG_WARN_RANGE_LOOP_ANALYSIS = YES;
				CLANG_WARN_STRICT_PROTOTYPES = YES;
				CLANG_WARN_SUSPICIOUS_MOVE = YES;
				CLANG_WARN_UNGUARDED_AVAILABILITY = YES_AGGRESSIVE;
				CLANG_WARN_UNREACHABLE_CODE = YES;
				CLANG_WARN__DUPLICATE_METHOD_MATCH = YES;
				COPY_PHASE_STRIP = NO;
				DEBUG_INFORMATION_FORMAT = dwarf;
				ENABLE_STRICT_OBJC_MSGSEND = YES;
				ENABLE_TESTABILITY = YES;
				ENABLE_USER_SCRIPT_SANDBOXING = YES;
				GCC_C_LANGUAGE_STANDARD = gnu17;
				GCC_DYNAMIC_NO_PIC = NO;
				GCC_NO_COMMON_BLOCKS = YES;
				GCC_OPTIMIZATION_LEVEL = 0;
				GCC_PREPROCESSOR_DEFINITIONS = (
					"DEBUG=1",
					"$(inherited)",
				);
				GCC_WARN_64_TO_32_BIT_CONVERSION = YES;
				GCC_WARN_ABOUT_RETURN_TYPE = YES_ERROR;
				GCC_WARN_UNDECLARED_SELECTOR = YES;
				GCC_WARN_UNINITIALIZED_AUTOS = YES_AGGRESSIVE;
				GCC_WARN_UNUSED_FUNCTION = YES;
				GCC_WARN_UNUSED_VARIABLE = YES;
				IPHONEOS_DEPLOYMENT_TARGET = 17.0;
				LOCALIZATION_PREFERS_STRING_CATALOGS = YES;
				MTL_ENABLE_DEBUG_INFO = INCLUDE_SOURCE;
				MTL_FAST_MATH = YES;
				ONLY_ACTIVE_ARCH = YES;
				SDKROOT = iphoneos;
				SWIFT_ACTIVE_COMPILATION_CONDITIONS = "DEBUG $(inherited)";
				SWIFT_OPTIMIZATION_LEVEL = "-Onone";
			};
			name = Debug;
		};
		924BCC112C4B7A9D00ACE7A0 /* Release */ = {
			isa = XCBuildConfiguration;
			buildSettings = {
				ALWAYS_SEARCH_USER_PATHS = NO;
				ASSETCATALOG_COMPILER_GENERATE_SWIFT_ASSET_SYMBOL_EXTENSIONS = YES;
				CLANG_ANALYZER_NONNULL = YES;
				CLANG_ANALYZER_NUMBER_OBJECT_CONVERSION = YES_AGGRESSIVE;
				CLANG_CXX_LANGUAGE_STANDARD = "gnu++20";
				CLANG_ENABLE_MODULES = YES;
				CLANG_ENABLE_OBJC_ARC = YES;
				CLANG_ENABLE_OBJC_WEAK = YES;
				CLANG_WARN_BLOCK_CAPTURE_AUTORELEASING = YES;
				CLANG_WARN_BOOL_CONVERSION = YES;
				CLANG_WARN_COMMA = YES;
				CLANG_WARN_CONSTANT_CONVERSION = YES;
				CLANG_WARN_DEPRECATED_OBJC_IMPLEMENTATIONS = YES;
				CLANG_WARN_DIRECT_OBJC_ISA_USAGE = YES_ERROR;
				CLANG_WARN_DOCUMENTATION_COMMENTS = YES;
				CLANG_WARN_EMPTY_BODY = YES;
				CLANG_WARN_ENUM_CONVERSION = YES;
				CLANG_WARN_INFINITE_RECURSION = YES;
				CLANG_WARN_INT_CONVERSION = YES;
				CLANG_WARN_NON_LITERAL_NULL_CONVERSION = YES;
				CLANG_WARN_OBJC_IMPLICIT_RETAIN_SELF = YES;
				CLANG_WARN_OBJC_LITERAL_CONVERSION = YES;
				CLANG_WARN_OBJC_ROOT_CLASS = YES_ERROR;
				CLANG_WARN_QUOTED_INCLUDE_IN_FRAMEWORK_HEADER = YES;
				CLANG_WARN_RANGE_LOOP_ANALYSIS = YES;
				CLANG_WARN_STRICT_PROTOTYPES = YES;
				CLANG_WARN_SUSPICIOUS_MOVE = YES;
				CLANG_WARN_UNGUARDED_AVAILABILITY = YES_AGGRESSIVE;
				CLANG_WARN_UNREACHABLE_CODE = YES;
				CLANG_WARN__DUPLICATE_METHOD_MATCH = YES;
				COPY_PHASE_STRIP = NO;
				DEBUG_INFORMATION_FORMAT = "dwarf-with-dsym";
				ENABLE_NS_ASSERTIONS = NO;
				ENABLE_STRICT_OBJC_MSGSEND = YES;
				ENABLE_USER_SCRIPT_SANDBOXING = YES;
				GCC_C_LANGUAGE_STANDARD = gnu17;
				GCC_NO_COMMON_BLOCKS = YES;
				GCC_WARN_64_TO_32_BIT_CONVERSION = YES;
				GCC_WARN_ABOUT_RETURN_TYPE = YES_ERROR;
				GCC_WARN_UNDECLARED_SELECTOR = YES;
				GCC_WARN_UNINITIALIZED_AUTOS = YES_AGGRESSIVE;
				GCC_WARN_UNUSED_FUNCTION = YES;
				GCC_WARN_UNUSED_VARIABLE = YES;
				IPHONEOS_DEPLOYMENT_TARGET = 17.0;
				LOCALIZATION_PREFERS_STRING_CATALOGS = YES;
				MTL_ENABLE_DEBUG_INFO = NO;
				MTL_FAST_MATH = YES;
				SDKROOT = iphoneos;
				SWIFT_COMPILATION_MODE = wholemodule;
				VALIDATE_PRODUCT = YES;
			};
			name = Release;
		};
		924BCC132C4B7A9D00ACE7A0 /* Debug */ = {
			isa = XCBuildConfiguration;
			buildSettings = {
				ASSETCATALOG_COMPILER_APPICON_NAME = AppIcon;
				ASSETCATALOG_COMPILER_GLOBAL_ACCENT_COLOR_NAME = AccentColor;
				CODE_SIGN_STYLE = Automatic;
				CURRENT_PROJECT_VERSION = 1;
				DEVELOPMENT_TEAM = K44L3R6UT8;
				GENERATE_INFOPLIST_FILE = YES;
				INFOPLIST_FILE = FourWheelManufacturersDemo/Info.plist;
				INFOPLIST_KEY_CFBundleDisplayName = CARDASH;
				INFOPLIST_KEY_LSApplicationCategoryType = "public.app-category.business";
				INFOPLIST_KEY_UIApplicationSupportsIndirectInputEvents = YES;
				INFOPLIST_KEY_UILaunchStoryboardName = LaunchScreen;
				INFOPLIST_KEY_UIMainStoryboardFile = Main;
				INFOPLIST_KEY_UISupportedInterfaceOrientations = UIInterfaceOrientationPortrait;
				INFOPLIST_KEY_UISupportedInterfaceOrientations_iPad = "UIInterfaceOrientationLandscapeLeft UIInterfaceOrientationLandscapeRight UIInterfaceOrientationPortrait UIInterfaceOrientationPortraitUpsideDown";
				IPHONEOS_DEPLOYMENT_TARGET = 15.0;
				LD_RUNPATH_SEARCH_PATHS = (
					"$(inherited)",
					"@executable_path/Frameworks",
				);
				MARKETING_VERSION = 1.0;
				PRODUCT_BUNDLE_IDENTIFIER = com.FourWheelManufacturersDemo.FourWheelManufacturersDemo;
				PRODUCT_NAME = "$(TARGET_NAME)";
				SUPPORTED_PLATFORMS = "iphoneos iphonesimulator";
				SUPPORTS_MACCATALYST = NO;
				SUPPORTS_MAC_DESIGNED_FOR_IPHONE_IPAD = NO;
				SWIFT_EMIT_LOC_STRINGS = YES;
				SWIFT_VERSION = 5.0;
				TARGETED_DEVICE_FAMILY = 1;
			};
			name = Debug;
		};
		924BCC142C4B7A9D00ACE7A0 /* Release */ = {
			isa = XCBuildConfiguration;
			buildSettings = {
				ASSETCATALOG_COMPILER_APPICON_NAME = AppIcon;
				ASSETCATALOG_COMPILER_GLOBAL_ACCENT_COLOR_NAME = AccentColor;
				CODE_SIGN_STYLE = Automatic;
				CURRENT_PROJECT_VERSION = 1;
				DEVELOPMENT_TEAM = K44L3R6UT8;
				GENERATE_INFOPLIST_FILE = YES;
				INFOPLIST_FILE = FourWheelManufacturersDemo/Info.plist;
				INFOPLIST_KEY_CFBundleDisplayName = CARDASH;
				INFOPLIST_KEY_LSApplicationCategoryType = "public.app-category.business";
				INFOPLIST_KEY_UIApplicationSupportsIndirectInputEvents = YES;
				INFOPLIST_KEY_UILaunchStoryboardName = LaunchScreen;
				INFOPLIST_KEY_UIMainStoryboardFile = Main;
				INFOPLIST_KEY_UISupportedInterfaceOrientations = UIInterfaceOrientationPortrait;
				INFOPLIST_KEY_UISupportedInterfaceOrientations_iPad = "UIInterfaceOrientationLandscapeLeft UIInterfaceOrientationLandscapeRight UIInterfaceOrientationPortrait UIInterfaceOrientationPortraitUpsideDown";
				IPHONEOS_DEPLOYMENT_TARGET = 15.0;
				LD_RUNPATH_SEARCH_PATHS = (
					"$(inherited)",
					"@executable_path/Frameworks",
				);
				MARKETING_VERSION = 1.0;
				PRODUCT_BUNDLE_IDENTIFIER = com.FourWheelManufacturersDemo.FourWheelManufacturersDemo;
				PRODUCT_NAME = "$(TARGET_NAME)";
				SUPPORTED_PLATFORMS = "iphoneos iphonesimulator";
				SUPPORTS_MACCATALYST = NO;
				SUPPORTS_MAC_DESIGNED_FOR_IPHONE_IPAD = NO;
				SWIFT_EMIT_LOC_STRINGS = YES;
				SWIFT_VERSION = 5.0;
				TARGETED_DEVICE_FAMILY = 1;
			};
			name = Release;
		};
		924BCC162C4B7A9D00ACE7A0 /* Debug */ = {
			isa = XCBuildConfiguration;
			buildSettings = {
				ALWAYS_EMBED_SWIFT_STANDARD_LIBRARIES = YES;
				BUNDLE_LOADER = "$(TEST_HOST)";
				CODE_SIGN_STYLE = Automatic;
				CURRENT_PROJECT_VERSION = 1;
				DEVELOPMENT_TEAM = K44L3R6UT8;
				GENERATE_INFOPLIST_FILE = YES;
				IPHONEOS_DEPLOYMENT_TARGET = 17.0;
				MARKETING_VERSION = 1.0;
				PRODUCT_BUNDLE_IDENTIFIER = com.FourWheelManufacturersDemo.FourWheelManufacturersDemoTests;
				PRODUCT_NAME = "$(TARGET_NAME)";
				SWIFT_EMIT_LOC_STRINGS = NO;
				SWIFT_VERSION = 5.0;
				TARGETED_DEVICE_FAMILY = "1,2";
				TEST_HOST = "$(BUILT_PRODUCTS_DIR)/FourWheelManufacturersDemo.app/$(BUNDLE_EXECUTABLE_FOLDER_PATH)/FourWheelManufacturersDemo";
			};
			name = Debug;
		};
		924BCC172C4B7A9D00ACE7A0 /* Release */ = {
			isa = XCBuildConfiguration;
			buildSettings = {
				ALWAYS_EMBED_SWIFT_STANDARD_LIBRARIES = YES;
				BUNDLE_LOADER = "$(TEST_HOST)";
				CODE_SIGN_STYLE = Automatic;
				CURRENT_PROJECT_VERSION = 1;
				DEVELOPMENT_TEAM = K44L3R6UT8;
				GENERATE_INFOPLIST_FILE = YES;
				IPHONEOS_DEPLOYMENT_TARGET = 17.0;
				MARKETING_VERSION = 1.0;
				PRODUCT_BUNDLE_IDENTIFIER = com.FourWheelManufacturersDemo.FourWheelManufacturersDemoTests;
				PRODUCT_NAME = "$(TARGET_NAME)";
				SWIFT_EMIT_LOC_STRINGS = NO;
				SWIFT_VERSION = 5.0;
				TARGETED_DEVICE_FAMILY = "1,2";
				TEST_HOST = "$(BUILT_PRODUCTS_DIR)/FourWheelManufacturersDemo.app/$(BUNDLE_EXECUTABLE_FOLDER_PATH)/FourWheelManufacturersDemo";
			};
			name = Release;
		};
		924BCC192C4B7A9D00ACE7A0 /* Debug */ = {
			isa = XCBuildConfiguration;
			buildSettings = {
				ALWAYS_EMBED_SWIFT_STANDARD_LIBRARIES = YES;
				CODE_SIGN_STYLE = Automatic;
				CURRENT_PROJECT_VERSION = 1;
				DEVELOPMENT_TEAM = K44L3R6UT8;
				GENERATE_INFOPLIST_FILE = YES;
				MARKETING_VERSION = 1.0;
				PRODUCT_BUNDLE_IDENTIFIER = com.FourWheelManufacturersDemo.FourWheelManufacturersDemoUITests;
				PRODUCT_NAME = "$(TARGET_NAME)";
				SWIFT_EMIT_LOC_STRINGS = NO;
				SWIFT_VERSION = 5.0;
				TARGETED_DEVICE_FAMILY = "1,2";
				TEST_TARGET_NAME = FourWheelManufacturersDemo;
			};
			name = Debug;
		};
		924BCC1A2C4B7A9D00ACE7A0 /* Release */ = {
			isa = XCBuildConfiguration;
			buildSettings = {
				ALWAYS_EMBED_SWIFT_STANDARD_LIBRARIES = YES;
				CODE_SIGN_STYLE = Automatic;
				CURRENT_PROJECT_VERSION = 1;
				DEVELOPMENT_TEAM = K44L3R6UT8;
				GENERATE_INFOPLIST_FILE = YES;
				MARKETING_VERSION = 1.0;
				PRODUCT_BUNDLE_IDENTIFIER = com.FourWheelManufacturersDemo.FourWheelManufacturersDemoUITests;
				PRODUCT_NAME = "$(TARGET_NAME)";
				SWIFT_EMIT_LOC_STRINGS = NO;
				SWIFT_VERSION = 5.0;
				TARGETED_DEVICE_FAMILY = "1,2";
				TEST_TARGET_NAME = FourWheelManufacturersDemo;
			};
			name = Release;
		};
/* End XCBuildConfiguration section */

/* Begin XCConfigurationList section */
		924BCBE32C4B7A9C00ACE7A0 /* Build configuration list for PBXProject "FourWheelManufacturersDemo" */ = {
			isa = XCConfigurationList;
			buildConfigurations = (
				924BCC102C4B7A9D00ACE7A0 /* Debug */,
				924BCC112C4B7A9D00ACE7A0 /* Release */,
			);
			defaultConfigurationIsVisible = 0;
			defaultConfigurationName = Release;
		};
		924BCC122C4B7A9D00ACE7A0 /* Build configuration list for PBXNativeTarget "FourWheelManufacturersDemo" */ = {
			isa = XCConfigurationList;
			buildConfigurations = (
				924BCC132C4B7A9D00ACE7A0 /* Debug */,
				924BCC142C4B7A9D00ACE7A0 /* Release */,
			);
			defaultConfigurationIsVisible = 0;
			defaultConfigurationName = Release;
		};
		924BCC152C4B7A9D00ACE7A0 /* Build configuration list for PBXNativeTarget "FourWheelManufacturersDemoTests" */ = {
			isa = XCConfigurationList;
			buildConfigurations = (
				924BCC162C4B7A9D00ACE7A0 /* Debug */,
				924BCC172C4B7A9D00ACE7A0 /* Release */,
			);
			defaultConfigurationIsVisible = 0;
			defaultConfigurationName = Release;
		};
		924BCC182C4B7A9D00ACE7A0 /* Build configuration list for PBXNativeTarget "FourWheelManufacturersDemoUITests" */ = {
			isa = XCConfigurationList;
			buildConfigurations = (
				924BCC192C4B7A9D00ACE7A0 /* Debug */,
				924BCC1A2C4B7A9D00ACE7A0 /* Release */,
			);
			defaultConfigurationIsVisible = 0;
			defaultConfigurationName = Release;
		};
/* End XCConfigurationList section */
	};
	rootObject = 924BCBE02C4B7A9C00ACE7A0 /* Project object */;
}
