// !$*UTF8*$!
{
	archiveVersion = 1;
	classes = {
	};
	objectVersion = 56;
	objects = {

/* Begin PBXBuildFile section */
		924BCBEC2C4B7A9C00ACE7A0 /* AppDelegate.swift in Sources */ = {isa = PBXBuildFile; fileRef = 924BCBEB2C4B7A9C00ACE7A0 /* AppDelegate.swift */; };
		924BCBEE2C4B7A9C00ACE7A0 /* SceneDelegate.swift in Sources */ = {isa = PBXBuildFile; fileRef = 924BCBED2C4B7A9C00ACE7A0 /* SceneDelegate.swift */; };
		924BCBF02C4B7A9C00ACE7A0 /* ViewController.swift in Sources */ = {isa = PBXBuildFile; fileRef = 924BCBEF2C4B7A9C00ACE7A0 /* ViewController.swift */; };
		924BCBF32C4B7A9C00ACE7A0 /* Main.storyboard in Resources */ = {isa = PBXBuildFile; fileRef = 924BCBF12C4B7A9C00ACE7A0 /* Main.storyboard */; };
		924BCBF52C4B7A9D00ACE7A0 /* Assets.xcassets in Resources */ = {isa = PBXBuildFile; fileRef = 924BCBF42C4B7A9D00ACE7A0 /* Assets.xcassets */; };
		924BCBF82C4B7A9D00ACE7A0 /* LaunchScreen.storyboard in Resources */ = {isa = PBXBuildFile; fileRef = 924BCBF62C4B7A9D00ACE7A0 /* LaunchScreen.storyboard */; };
		924BCC032C4B7A9D00ACE7A0 /* FourWheelManufacturersDemoTests.swift in Sources */ = {isa = PBXBuildFile; fileRef = 924BCC022C4B7A9D00ACE7A0 /* FourWheelManufacturersDemoTests.swift */; };
		924BCC0D2C4B7A9D00ACE7A0 /* FourWheelManufacturersDemoUITests.swift in Sources */ = {isa = PBXBuildFile; fileRef = 924BCC0C2C4B7A9D00ACE7A0 /* FourWheelManufacturersDemoUITests.swift */; };
		924BCC0F2C4B7A9D00ACE7A0 /* FourWheelManufacturersDemoUITestsLaunchTests.swift in Sources */ = {isa = PBXBuildFile; fileRef = 924BCC0E2C4B7A9D00ACE7A0 /* FourWheelManufacturersDemoUITestsLaunchTests.swift */; };
/* End PBXBuildFile section */

/* Begin PBXContainerItemProxy section */
		924BCBFF2C4B7A9D00ACE7A0 /* PBXContainerItemProxy */ = {
			isa = PBXContainerItemProxy;
			containerPortal = 924BCBE02C4B7A9C00ACE7A0 /* Project object */;
			proxyType = 1;
			remoteGlobalIDString = 924BCBE72C4B7A9C00ACE7A0;
			remoteInfo = FourWheelManufacturersDemo;
		};
		924BCC092C4B7A9D00ACE7A0 /* PBXContainerItemProxy */ = {
			isa = PBXContainerItemProxy;
			containerPortal = 924BCBE02C4B7A9C00ACE7A0 /* Project object */;
			proxyType = 1;
			remoteGlobalIDString = 924BCBE72C4B7A9C00ACE7A0;
			remoteInfo = FourWheelManufacturersDemo;
		};
/* End PBXContainerItemProxy section */

/* Begin PBXFileReference section */
		924BCBE82C4B7A9C00ACE7A0 /* FourWheelManufacturersDemo.app */ = {isa = PBXFileReference; explicitFileType = wrapper.application; includeInIndex = 0; path = FourWheelManufacturersDemo.app; sourceTree = BUILT_PRODUCTS_DIR; };
		924BCBEB2C4B7A9C00ACE7A0 /* AppDelegate.swift */ = {isa = PBXFileReference; lastKnownFileType = sourcecode.swift; path = AppDelegate.swift; sourceTree = "<group>"; };
		924BCBED2C4B7A9C00ACE7A0 /* SceneDelegate.swift */ = {isa = PBXFileReference; lastKnownFileType = sourcecode.swift; path = SceneDelegate.swift; sourceTree = "<group>"; };
		924BCBEF2C4B7A9C00ACE7A0 /* ViewController.swift */ = {isa = PBXFileReference; lastKnownFileType = sourcecode.swift; path = ViewController.swift; sourceTree = "<group>"; };
		924BCBF22C4B7A9C00ACE7A0 /* Base */ = {isa = PBXFileReference; lastKnownFileType = file.storyboard; name = Base; path = Base.lproj/Main.storyboard; sourceTree = "<group>"; };
		924BCBF42C4B7A9D00ACE7A0 /* Assets.xcassets */ = {isa = PBXFileReference; lastKnownFileType = folder.assetcatalog; path = Assets.xcassets; sourceTree = "<group>"; };
		924BCBF72C4B7A9D00ACE7A0 /* Base */ = {isa = PBXFileReference; lastKnownFileType = file.storyboard; name = Base; path = Base.lproj/LaunchScreen.storyboard; sourceTree = "<group>"; };
		924BCBF92C4B7A9D00ACE7A0 /* Info.plist */ = {isa = PBXFileReference; lastKnownFileType = text.plist.xml; path = Info.plist; sourceTree = "<group>"; };
		924BCBFE2C4B7A9D00ACE7A0 /* FourWheelManufacturersDemoTests.xctest */ = {isa = PBXFileReference; explicitFileType = wrapper.cfbundle; includeInIndex = 0; path = FourWheelManufacturersDemoTests.xctest; sourceTree = BUILT_PRODUCTS_DIR; };
		924BCC022C4B7A9D00ACE7A0 /* FourWheelManufacturersDemoTests.swift */ = {isa = PBXFileReference; lastKnownFileType = sourcecode.swift; path = FourWheelManufacturersDemoTests.swift; sourceTree = "<group>"; };
		924BCC082C4B7A9D00ACE7A0 /* FourWheelManufacturersDemoUITests.xctest */ = {isa = PBXFileReference; explicitFileType = wrapper.cfbundle; includeInIndex = 0; path = FourWheelManufacturersDemoUITests.xctest; sourceTree = BUILT_PRODUCTS_DIR; };
		924BCC0C2C4B7A9D00ACE7A0 /* FourWheelManufacturersDemoUITests.swift */ = {isa = PBXFileReference; lastKnownFileType = sourcecode.swift; path = FourWheelManufacturersDemoUITests.swift; sourceTree = "<group>"; };
		924BCC0E2C4B7A9D00ACE7A0 /* FourWheelManufacturersDemoUITestsLaunchTests.swift */ = {isa = PBXFileReference; lastKnownFileType = sourcecode.swift; path = FourWheelManufacturersDemoUITestsLaunchTests.swift; sourceTree = "<group>"; };
/* End PBXFileReference section */

/* Begin PBXFrameworksBuildPhase section */
		924BCBE52C4B7A9C00ACE7A0 /* Frameworks */ = {
			isa = PBXFrameworksBuildPhase;
			buildActionMask = 2147483647;
			files = (
			);
			runOnlyForDeploymentPostprocessing = 0;
		};
		924BCBFB2C4B7A9D00ACE7A0 /* Frameworks */ = {
			isa = PBXFrameworksBuildPhase;
			buildActionMask = 2147483647;
			files = (
			);
			runOnlyForDeploymentPostprocessing = 0;
		};
		924BCC052C4B7A9D00ACE7A0 /* Frameworks */ = {
			isa = PBXFrameworksBuildPhase;
			buildActionMask = 2147483647;
			files = (
			);
			runOnlyForDeploymentPostprocessing = 0;
		};
/* End PBXFrameworksBuildPhase section */

/* Begin PBXGroup section */
		924BCBDF2C4B7A9C00ACE7A0 = {
			isa = PBXGroup;
			children = (
				924BCBEA2C4B7A9C00ACE7A0 /* FourWheelManufacturersDemo */,
				924BCC012C4B7A9D00ACE7A0 /* FourWheelManufacturersDemoTests */,
				924BCC0B2C4B7A9D00ACE7A0 /* FourWheelManufacturersDemoUITests */,
				924BCBE92C4B7A9C00ACE7A0 /* Products */,
			);
			sourceTree = "<group>";
		};
		924BCBE92C4B7A9C00ACE7A0 /* Products */ = {
			isa = PBXGroup;
			children = (
				924BCBE82C4B7A9C00ACE7A0 /* FourWheelManufacturersDemo.app */,
				924BCBFE2C4B7A9D00ACE7A0 /* FourWheelManufacturersDemoTests.xctest */,
				924BCC082C4B7A9D00ACE7A0 /* FourWheelManufacturersDemoUITests.xctest */,
			);
			name = Products;
			sourceTree = "<group>";
		};
		924BCBEA2C4B7A9C00ACE7A0 /* FourWheelManufacturersDemo */ = {
			isa = PBXGroup;
			children = (
				924BCBEB2C4B7A9C00ACE7A0 /* AppDelegate.swift */,
				924BCBED2C4B7A9C00ACE7A0 /* SceneDelegate.swift */,
				924BCBEF2C4B7A9C00ACE7A0 /* ViewController.swift */,
				924BCBF12C4B7A9C00ACE7A0 /* Main.storyboard */,
				924BCBF42C4B7A9D00ACE7A0 /* Assets.xcassets */,
				924BCBF62C4B7A9D00ACE7A0 /* LaunchScreen.storyboard */,
				924BCBF92C4B7A9D00ACE7A0 /* Info.plist */,
			);
			path = FourWheelManufacturersDemo;
			sourceTree = "<group>";
		};
		924BCC012C4B7A9D00ACE7A0 /* FourWheelManufacturersDemoTests */ = {
			isa = PBXGroup;
			children = (
				924BCC022C4B7A9D00ACE7A0 /* FourWheelManufacturersDemoTests.swift */,
			);
			path = FourWheelManufacturersDemoTests;
			sourceTree = "<group>";
		};
		924BCC0B2C4B7A9D00ACE7A0 /* FourWheelManufacturersDemoUITests */ = {
			isa = PBXGroup;
			children = (
				924BCC0C2C4B7A9D00ACE7A0 /* FourWheelManufacturersDemoUITests.swift */,
				924BCC0E2C4B7A9D00ACE7A0 /* FourWheelManufacturersDemoUITestsLaunchTests.swift */,
			);
			path = FourWheelManufacturersDemoUITests;
			sourceTree = "<group>";
		};
/* End PBXGroup section */

/* Begin PBXNativeTarget section */
		924BCBE72C4B7A9C00ACE7A0 /* FourWheelManufacturersDemo */ = {
			isa = PBXNativeTarget;
			buildConfigurationList = 924BCC122C4B7A9D00ACE7A0 /* Build configuration list for PBXNativeTarget "FourWheelManufacturersDemo" */;
			buildPhases = (
				924BCBE42C4B7A9C00ACE7A0 /* Sources */,
				924BCBE52C4B7A9C00ACE7A0 /* Frameworks */,
				924BCBE62C4B7A9C00ACE7A0 /* Resources */,
			);
			buildRules = (
			);
			dependencies = (
			);
			name = FourWheelManufacturersDemo;
			productName = FourWheelManufacturersDemo;
			productReference = 924BCBE82C4B7A9C00ACE7A0 /* FourWheelManufacturersDemo.app */;
			productType = "com.apple.product-type.application";
		};
		924BCBFD2C4B7A9D00ACE7A0 /* FourWheelManufacturersDemoTests */ = {
			isa = PBXNativeTarget;
			buildConfigurationList = 924BCC152C4B7A9D00ACE7A0 /* Build configuration list for PBXNativeTarget "FourWheelManufacturersDemoTests" */;
			buildPhases = (
				924BCBFA2C4B7A9D00ACE7A0 /* Sources */,
				924BCBFB2C4B7A9D00ACE7A0 /* Frameworks */,
				924BCBFC2C4B7A9D00ACE7A0 /* Resources */,
			);
			buildRules = (
			);
			dependencies = (
				924BCC002C4B7A9D00ACE7A0 /* PBXTargetDependency */,
			);
			name = FourWheelManufacturersDemoTests;
			productName = FourWheelManufacturersDemoTests;
			productReference = 924BCBFE2C4B7A9D00ACE7A0 /* FourWheelManufacturersDemoTests.xctest */;
			productType = "com.apple.product-type.bundle.unit-test";
		};
		924BCC072C4B7A9D00ACE7A0 /* FourWheelManufacturersDemoUITests */ = {
			isa = PBXNativeTarget;
			buildConfigurationList = 924BCC182C4B7A9D00ACE7A0 /* Build configuration list for PBXNativeTarget "FourWheelManufacturersDemoUITests" */;
			buildPhases = (
				924BCC042C4B7A9D00ACE7A0 /* Sources */,
				924BCC052C4B7A9D00ACE7A0 /* Frameworks */,
				924BCC062C4B7A9D00ACE7A0 /* Resources */,
			);
			buildRules = (
			);
			dependencies = (
				924BCC0A2C4B7A9D00ACE7A0 /* PBXTargetDependency */,
			);
			name = FourWheelManufacturersDemoUITests;
			productName = FourWheelManufacturersDemoUITests;
			productReference = 924BCC082C4B7A9D00ACE7A0 /* FourWheelManufacturersDemoUITests.xctest */;
			productType = "com.apple.product-type.bundle.ui-testing";
		};
/* End PBXNativeTarget section */

/* Begin PBXProject section */
		924BCBE02C4B7A9C00ACE7A0 /* Project object */ = {
			isa = PBXProject;
			attributes = {
				BuildIndependentTargetsInParallel = 1;
				LastSwiftUpdateCheck = 1500;
				LastUpgradeCheck = 1500;
				TargetAttributes = {
					924BCBE72C4B7A9C00ACE7A0 = {
						CreatedOnToolsVersion = 15.0;
					};
					924BCBFD2C4B7A9D00ACE7A0 = {
						CreatedOnToolsVersion = 15.0;
						TestTargetID = 924BCBE72C4B7A9C00ACE7A0;
					};
					924BCC072C4B7A9D00ACE7A0 = {
						CreatedOnToolsVersion = 15.0;
						TestTargetID = 924BCBE72C4B7A9C00ACE7A0;
					};
				};
			};
			buildConfigurationList = 924BCBE32C4B7A9C00ACE7A0 /* Build configuration list for PBXProject "FourWheelManufacturersDemo" */;
			compatibilityVersion = "Xcode 14.0";
			developmentRegion = en;
			hasScannedForEncodings = 0;
			knownRegions = (
				en,
				Base,
			);
			mainGroup = 924BCBDF2C4B7A9C00ACE7A0;
			productRefGroup = 924BCBE92C4B7A9C00ACE7A0 /* Products */;
			projectDirPath = "";
			projectRoot = "";
			targets = (
				924BCBE72C4B7A9C00ACE7A0 /* FourWheelManufacturersDemo */,
				924BCBFD2C4B7A9D00ACE7A0 /* FourWheelManufacturersDemoTests */,
				924BCC072C4B7A9D00ACE7A0 /* FourWheelManufacturersDemoUITests */,
			);
		};
/* End PBXProject section */

/* Begin PBXResourcesBuildPhase section */
		924BCBE62C4B7A9C00ACE7A0 /* Resources */ = {
			isa = PBXResourcesBuildPhase;
			buildActionMask = 2147483647;
			files = (
				924BCBF82C4B7A9D00ACE7A0 /* LaunchScreen.storyboard in Resources */,
				924BCBF52C4B7A9D00ACE7A0 /* Assets.xcassets in Resources */,
				924BCBF32C4B7A9C00ACE7A0 /* Main.storyboard in Resources */,
			);
			runOnlyForDeploymentPostprocessing = 0;
		};
		924BCBFC2C4B7A9D00ACE7A0 /* Resources */ = {
			isa = PBXResourcesBuildPhase;
			buildActionMask = 2147483647;
			files = (
			);
			runOnlyForDeploymentPostprocessing = 0;
		};
		924BCC062C4B7A9D00ACE7A0 /* Resources */ = {
			isa = PBXResourcesBuildPhase;
			buildActionMask = 2147483647;
			files = (
			);
			runOnlyForDeploymentPostprocessing = 0;
		};
/* End PBXResourcesBuildPhase section */

/* Begin PBXSourcesBuildPhase section */
		924BCBE42C4B7A9C00ACE7A0 /* Sources */ = {
			isa = PBXSourcesBuildPhase;
			buildActionMask = 2147483647;
			files = (
				924BCBF02C4B7A9C00ACE7A0 /* ViewController.swift in Sources */,
				924BCBEC2C4B7A9C00ACE7A0 /* AppDelegate.swift in Sources */,
				924BCBEE2C4B7A9C00ACE7A0 /* SceneDelegate.swift in Sources */,
			);
			runOnlyForDeploymentPostprocessing = 0;
		};
		924BCBFA2C4B7A9D00ACE7A0 /* Sources */ = {
			isa = PBXSourcesBuildPhase;
			buildActionMask = 2147483647;
			files = (
				924BCC032C4B7A9D00ACE7A0 /* FourWheelManufacturersDemoTests.swift in Sources */,
			);
			runOnlyForDeploymentPostprocessing = 0;
		};
		924BCC042C4B7A9D00ACE7A0 /* Sources */ = {
			isa = PBXSourcesBuildPhase;
			buildActionMask = 2147483647;
			files = (
				924BCC0F2C4B7A9D00ACE7A0 /* FourWheelManufacturersDemoUITestsLaunchTests.swift in Sources */,
				924BCC0D2C4B7A9D00ACE7A0 /* FourWheelManufacturersDemoUITests.swift in Sources */,
			);
			runOnlyForDeploymentPostprocessing = 0;
		};
/* End PBXSourcesBuildPhase section */

/* Begin PBXTargetDependency section */
		924BCC002C4B7A9D00ACE7A0 /* PBXTargetDependency */ = {
			isa = PBXTargetDependency;
			target = 924BCBE72C4B7A9C00ACE7A0 /* FourWheelManufacturersDemo */;
			targetProxy = 924BCBFF2C4B7A9D00ACE7A0 /* PBXContainerItemProxy */;
		};
		924BCC0A2C4B7A9D00ACE7A0 /* PBXTargetDependency */ = {
			isa = PBXTargetDependency;
			target = 924BCBE72C4B7A9C00ACE7A0 /* FourWheelManufacturersDemo */;
			targetProxy = 924BCC092C4B7A9D00ACE7A0 /* PBXContainerItemProxy */;
		};
/* End PBXTargetDependency section */

/* Begin PBXVariantGroup section */
		924BCBF12C4B7A9C00ACE7A0 /* Main.storyboard */ = {
			isa = PBXVariantGroup;
			children = (
				924BCBF22C4B7A9C00ACE7A0 /* Base */,
			);
			name = Main.storyboard;
			sourceTree = "<group>";
		};
		924BCBF62C4B7A9D00ACE7A0 /* LaunchScreen.storyboard */ = {
			isa = PBXVariantGroup;
			children = (
				924BCBF72C4B7A9D00ACE7A0 /* Base */,
			);
			name = LaunchScreen.storyboard;
			sourceTree = "<group>";
		};
/* End PBXVariantGroup section */

/* Begin XCBuildConfiguration section */
		924BCC102C4B7A9D00ACE7A0 /* Debug */ = {
			isa = XCBuildConfiguration;
			buildSettings = {
				ALWAYS_SEARCH_USER_PATHS = NO;
				ASSETCATALOG_COMPILER_GENERATE_SWIFT_ASSET_SYMBOL_EXTENSIONS = YES;
				CLANG_ANALYZER_NONNULL = YES;
				CLANG_ANALYZER_NUMBER_OBJECT_CONVERSION = YES_AGGRESSIVE;
				CLANG_CXX_LANGUAGE_STANDARD = "gnu++20";
				CLANG_ENABLE_MODULES = YES;
				CLANG_ENABLE_OBJC_ARC = YES;
				CLANG_ENABLE_OBJC_WEAK = YES;
				CLANG_WARN_BLOCK_CAPTURE_AUTORELEASING = YES;
				CLANG_WARN_BOOL_CONVERSION = YES;
				CLANG_WARN_COMMA = YES;
				CLANG_WARN_CONSTANT_CONVERSION = YES;
				CLANG_WARN_DEPRECATED_OBJC_IMPLEMENTATIONS = YES;
				CLANG_WARN_DIRECT_OBJC_ISA_USAGE = YES_ERROR;
				CLANG_WARN_DOCUMENTATION_COMMENTS = YES;
				CLANG_WARN_EMPTY_BODY = YES;
				CLANG_WARN_ENUM_CONVERSION = YES;
				CLANG_WARN_INFINITE_RECURSION = YES;
				CLANG_WARN_INT_CONVERSION = YES;
				CLANG_WARN_NON_LITERAL_NULL_CONVERSION = YES;
				CLANG_WARN_OBJC_IMPLICIT_RETAIN_SELF = YES;
				CLANG_WARN_OBJC_LITERAL_CONVERSION = YES;
				CLANG_WARN_OBJC_ROOT_CLASS = YES_ERROR;
				CLANG_WARN_QUOTED_INCLUDE_IN_FRAMEWORK_HEADER = YES;
				CLANG_WARN_RANGE_LOOP_ANALYSIS = YES;
				CLANG_WARN_STRICT_PROTOTYPES = YES;
				CLANG_WARN_SUSPICIOUS_MOVE = YES;
				CLANG_WARN_UNGUARDED_AVAILABILITY = YES_AGGRESSIVE;
				CLANG_WARN_UNREACHABLE_CODE = YES;
				CLANG_WARN__DUPLICATE_METHOD_MATCH = YES;
				COPY_PHASE_STRIP = NO;
				DEBUG_INFORMATION_FORMAT = dwarf;
				ENABLE_STRICT_OBJC_MSGSEND = YES;
				ENABLE_TESTABILITY = YES;
				ENABLE_USER_SCRIPT_SANDBOXING = YES;
				GCC_C_LANGUAGE_STANDARD = gnu17;
				GCC_DYNAMIC_NO_PIC = NO;
				GCC_NO_COMMON_BLOCKS = YES;
				GCC_OPTIMIZATION_LEVEL = 0;
				GCC_PREPROCESSOR_DEFINITIONS = (
					"DEBUG=1",
					"$(inherited)",
				);
				GCC_WARN_64_TO_32_BIT_CONVERSION = YES;
				GCC_WARN_ABOUT_RETURN_TYPE = YES_ERROR;
				GCC_WARN_UNDECLARED_SELECTOR = YES;
				GCC_WARN_UNINITIALIZED_AUTOS = YES_AGGRESSIVE;
				GCC_WARN_UNUSED_FUNCTION = YES;
				GCC_WARN_UNUSED_VARIABLE = YES;
				IPHONEOS_DEPLOYMENT_TARGET = 17.0;
				LOCALIZATION_PREFERS_STRING_CATALOGS = YES;
				MTL_ENABLE_DEBUG_INFO = INCLUDE_SOURCE;
				MTL_FAST_MATH = YES;
				ONLY_ACTIVE_ARCH = YES;
				SDKROOT = iphoneos;
				SWIFT_ACTIVE_COMPILATION_CONDITIONS = "DEBUG $(inherited)";
				SWIFT_OPTIMIZATION_LEVEL = "-Onone";
			};
			name = Debug;
		};
		924BCC112C4B7A9D00ACE7A0 /* Release */ = {
			isa = XCBuildConfiguration;
			buildSettings = {
				ALWAYS_SEARCH_USER_PATHS = NO;
				ASSETCATALOG_COMPILER_GENERATE_SWIFT_ASSET_SYMBOL_EXTENSIONS = YES;
				CLANG_ANALYZER_NONNULL = YES;
				CLANG_ANALYZER_NUMBER_OBJECT_CONVERSION = YES_AGGRESSIVE;
				CLANG_CXX_LANGUAGE_STANDARD = "gnu++20";
				CLANG_ENABLE_MODULES = YES;
				CLANG_ENABLE_OBJC_ARC = YES;
				CLANG_ENABLE_OBJC_WEAK = YES;
				CLANG_WARN_BLOCK_CAPTURE_AUTORELEASING = YES;
				CLANG_WARN_BOOL_CONVERSION = YES;
				CLANG_WARN_COMMA = YES;
				CLANG_WARN_CONSTANT_CONVERSION = YES;
				CLANG_WARN_DEPRECATED_OBJC_IMPLEMENTATIONS = YES;
				CLANG_WARN_DIRECT_OBJC_ISA_USAGE = YES_ERROR;
				CLANG_WARN_DOCUMENTATION_COMMENTS = YES;
				CLANG_WARN_EMPTY_BODY = YES;
				CLANG_WARN_ENUM_CONVERSION = YES;
				CLANG_WARN_INFINITE_RECURSION = YES;
				CLANG_WARN_INT_CONVERSION = YES;
				CLANG_WARN_NON_LITERAL_NULL_CONVERSION = YES;
				CLANG_WARN_OBJC_IMPLICIT_RETAIN_SELF = YES;
				CLANG_WARN_OBJC_LITERAL_CONVERSION = YES;
				CLANG_WARN_OBJC_ROOT_CLASS = YES_ERROR;
				CLANG_WARN_QUOTED_INCLUDE_IN_FRAMEWORK_HEADER = YES;
				CLANG_WARN_RANGE_LOOP_ANALYSIS = YES;
				CLANG_WARN_STRICT_PROTOTYPES = YES;
				CLANG_WARN_SUSPICIOUS_MOVE = YES;
				CLANG_WARN_UNGUARDED_AVAILABILITY = YES_AGGRESSIVE;
				CLANG_WARN_UNREACHABLE_CODE = YES;
				CLANG_WARN__DUPLICATE_METHOD_MATCH = YES;
				COPY_PHASE_STRIP = NO;
				DEBUG_INFORMATION_FORMAT = "dwarf-with-dsym";
				ENABLE_NS_ASSERTIONS = NO;
				ENABLE_STRICT_OBJC_MSGSEND = YES;
				ENABLE_USER_SCRIPT_SANDBOXING = YES;
				GCC_C_LANGUAGE_STANDARD = gnu17;
				GCC_NO_COMMON_BLOCKS = YES;
				GCC_WARN_64_TO_32_BIT_CONVERSION = YES;
				GCC_WARN_ABOUT_RETURN_TYPE = YES_ERROR;
				GCC_WARN_UNDECLARED_SELECTOR = YES;
				GCC_WARN_UNINITIALIZED_AUTOS = YES_AGGRESSIVE;
				GCC_WARN_UNUSED_FUNCTION = YES;
				GCC_WARN_UNUSED_VARIABLE = YES;
				IPHONEOS_DEPLOYMENT_TARGET = 17.0;
				LOCALIZATION_PREFERS_STRING_CATALOGS = YES;
				MTL_ENABLE_DEBUG_INFO = NO;
				MTL_FAST_MATH = YES;
				SDKROOT = iphoneos;
				SWIFT_COMPILATION_MODE = wholemodule;
				VALIDATE_PRODUCT = YES;
			};
			name = Release;
		};
		924BCC132C4B7A9D00ACE7A0 /* Debug */ = {
			isa = XCBuildConfiguration;
			buildSettings = {
				ASSETCATALOG_COMPILER_APPICON_NAME = AppIcon;
				ASSETCATALOG_COMPILER_GLOBAL_ACCENT_COLOR_NAME = AccentColor;
				CODE_SIGN_STYLE = Automatic;
				CURRENT_PROJECT_VERSION = 1;
				DEVELOPMENT_TEAM = K44L3R6UT8;
				GENERATE_INFOPLIST_FILE = YES;
				INFOPLIST_FILE = FourWheelManufacturersDemo/Info.plist;
				INFOPLIST_KEY_UIApplicationSupportsIndirectInputEvents = YES;
				INFOPLIST_KEY_UILaunchStoryboardName = LaunchScreen;
				INFOPLIST_KEY_UIMainStoryboardFile = Main;
				INFOPLIST_KEY_UISupportedInterfaceOrientations_iPad = "UIInterfaceOrientationPortrait UIInterfaceOrientationPortraitUpsideDown UIInterfaceOrientationLandscapeLeft UIInterfaceOrientationLandscapeRight";
				INFOPLIST_KEY_UISupportedInterfaceOrientations_iPhone = "UIInterfaceOrientationPortrait UIInterfaceOrientationLandscapeLeft UIInterfaceOrientationLandscapeRight";
				LD_RUNPATH_SEARCH_PATHS = (
					"$(inherited)",
					"@executable_path/Frameworks",
				);
				MARKETING_VERSION = 1.0;
				PRODUCT_BUNDLE_IDENTIFIER = com.FourWheelManufacturersDemo.FourWheelManufacturersDemo;
				PRODUCT_NAME = "$(TARGET_NAME)";
				SWIFT_EMIT_LOC_STRINGS = YES;
				SWIFT_VERSION = 5.0;
				TARGETED_DEVICE_FAMILY = "1,2";
			};
			name = Debug;
		};
		924BCC142C4B7A9D00ACE7A0 /* Release */ = {
			isa = XCBuildConfiguration;
			buildSettings = {
				ASSETCATALOG_COMPILER_APPICON_NAME = AppIcon;
				ASSETCATALOG_COMPILER_GLOBAL_ACCENT_COLOR_NAME = AccentColor;
				CODE_SIGN_STYLE = Automatic;
				CURRENT_PROJECT_VERSION = 1;
				DEVELOPMENT_TEAM = K44L3R6UT8;
				GENERATE_INFOPLIST_FILE = YES;
				INFOPLIST_FILE = FourWheelManufacturersDemo/Info.plist;
				INFOPLIST_KEY_UIApplicationSupportsIndirectInputEvents = YES;
				INFOPLIST_KEY_UILaunchStoryboardName = LaunchScreen;
				INFOPLIST_KEY_UIMainStoryboardFile = Main;
				INFOPLIST_KEY_UISupportedInterfaceOrientations_iPad = "UIInterfaceOrientationPortrait UIInterfaceOrientationPortraitUpsideDown UIInterfaceOrientationLandscapeLeft UIInterfaceOrientationLandscapeRight";
				INFOPLIST_KEY_UISupportedInterfaceOrientations_iPhone = "UIInterfaceOrientationPortrait UIInterfaceOrientationLandscapeLeft UIInterfaceOrientationLandscapeRight";
				LD_RUNPATH_SEARCH_PATHS = (
					"$(inherited)",
					"@executable_path/Frameworks",
				);
				MARKETING_VERSION = 1.0;
				PRODUCT_BUNDLE_IDENTIFIER = com.FourWheelManufacturersDemo.FourWheelManufacturersDemo;
				PRODUCT_NAME = "$(TARGET_NAME)";
				SWIFT_EMIT_LOC_STRINGS = YES;
				SWIFT_VERSION = 5.0;
				TARGETED_DEVICE_FAMILY = "1,2";
			};
			name = Release;
		};
		924BCC162C4B7A9D00ACE7A0 /* Debug */ = {
			isa = XCBuildConfiguration;
			buildSettings = {
				ALWAYS_EMBED_SWIFT_STANDARD_LIBRARIES = YES;
				BUNDLE_LOADER = "$(TEST_HOST)";
				CODE_SIGN_STYLE = Automatic;
				CURRENT_PROJECT_VERSION = 1;
				DEVELOPMENT_TEAM = K44L3R6UT8;
				GENERATE_INFOPLIST_FILE = YES;
				IPHONEOS_DEPLOYMENT_TARGET = 17.0;
				MARKETING_VERSION = 1.0;
				PRODUCT_BUNDLE_IDENTIFIER = com.FourWheelManufacturersDemo.FourWheelManufacturersDemoTests;
				PRODUCT_NAME = "$(TARGET_NAME)";
				SWIFT_EMIT_LOC_STRINGS = NO;
				SWIFT_VERSION = 5.0;
				TARGETED_DEVICE_FAMILY = "1,2";
				TEST_HOST = "$(BUILT_PRODUCTS_DIR)/FourWheelManufacturersDemo.app/$(BUNDLE_EXECUTABLE_FOLDER_PATH)/FourWheelManufacturersDemo";
			};
			name = Debug;
		};
		924BCC172C4B7A9D00ACE7A0 /* Release */ = {
			isa = XCBuildConfiguration;
			buildSettings = {
				ALWAYS_EMBED_SWIFT_STANDARD_LIBRARIES = YES;
				BUNDLE_LOADER = "$(TEST_HOST)";
				CODE_SIGN_STYLE = Automatic;
				CURRENT_PROJECT_VERSION = 1;
				DEVELOPMENT_TEAM = K44L3R6UT8;
				GENERATE_INFOPLIST_FILE = YES;
				IPHONEOS_DEPLOYMENT_TARGET = 17.0;
				MARKETING_VERSION = 1.0;
				PRODUCT_BUNDLE_IDENTIFIER = com.FourWheelManufacturersDemo.FourWheelManufacturersDemoTests;
				PRODUCT_NAME = "$(TARGET_NAME)";
				SWIFT_EMIT_LOC_STRINGS = NO;
				SWIFT_VERSION = 5.0;
				TARGETED_DEVICE_FAMILY = "1,2";
				TEST_HOST = "$(BUILT_PRODUCTS_DIR)/FourWheelManufacturersDemo.app/$(BUNDLE_EXECUTABLE_FOLDER_PATH)/FourWheelManufacturersDemo";
			};
			name = Release;
		};
		924BCC192C4B7A9D00ACE7A0 /* Debug */ = {
			isa = XCBuildConfiguration;
			buildSettings = {
				ALWAYS_EMBED_SWIFT_STANDARD_LIBRARIES = YES;
				CODE_SIGN_STYLE = Automatic;
				CURRENT_PROJECT_VERSION = 1;
				DEVELOPMENT_TEAM = K44L3R6UT8;
				GENERATE_INFOPLIST_FILE = YES;
				MARKETING_VERSION = 1.0;
				PRODUCT_BUNDLE_IDENTIFIER = com.FourWheelManufacturersDemo.FourWheelManufacturersDemoUITests;
				PRODUCT_NAME = "$(TARGET_NAME)";
				SWIFT_EMIT_LOC_STRINGS = NO;
				SWIFT_VERSION = 5.0;
				TARGETED_DEVICE_FAMILY = "1,2";
				TEST_TARGET_NAME = FourWheelManufacturersDemo;
			};
			name = Debug;
		};
		924BCC1A2C4B7A9D00ACE7A0 /* Release */ = {
			isa = XCBuildConfiguration;
			buildSettings = {
				ALWAYS_EMBED_SWIFT_STANDARD_LIBRARIES = YES;
				CODE_SIGN_STYLE = Automatic;
				CURRENT_PROJECT_VERSION = 1;
				DEVELOPMENT_TEAM = K44L3R6UT8;
				GENERATE_INFOPLIST_FILE = YES;
				MARKETING_VERSION = 1.0;
				PRODUCT_BUNDLE_IDENTIFIER = com.FourWheelManufacturersDemo.FourWheelManufacturersDemoUITests;
				PRODUCT_NAME = "$(TARGET_NAME)";
				SWIFT_EMIT_LOC_STRINGS = NO;
				SWIFT_VERSION = 5.0;
				TARGETED_DEVICE_FAMILY = "1,2";
				TEST_TARGET_NAME = FourWheelManufacturersDemo;
			};
			name = Release;
		};
/* End XCBuildConfiguration section */

/* Begin XCConfigurationList section */
		924BCBE32C4B7A9C00ACE7A0 /* Build configuration list for PBXProject "FourWheelManufacturersDemo" */ = {
			isa = XCConfigurationList;
			buildConfigurations = (
				924BCC102C4B7A9D00ACE7A0 /* Debug */,
				924BCC112C4B7A9D00ACE7A0 /* Release */,
			);
			defaultConfigurationIsVisible = 0;
			defaultConfigurationName = Release;
		};
		924BCC122C4B7A9D00ACE7A0 /* Build configuration list for PBXNativeTarget "FourWheelManufacturersDemo" */ = {
			isa = XCConfigurationList;
			buildConfigurations = (
				924BCC132C4B7A9D00ACE7A0 /* Debug */,
				924BCC142C4B7A9D00ACE7A0 /* Release */,
			);
			defaultConfigurationIsVisible = 0;
			defaultConfigurationName = Release;
		};
		924BCC152C4B7A9D00ACE7A0 /* Build configuration list for PBXNativeTarget "FourWheelManufacturersDemoTests" */ = {
			isa = XCConfigurationList;
			buildConfigurations = (
				924BCC162C4B7A9D00ACE7A0 /* Debug */,
				924BCC172C4B7A9D00ACE7A0 /* Release */,
			);
			defaultConfigurationIsVisible = 0;
			defaultConfigurationName = Release;
		};
		924BCC182C4B7A9D00ACE7A0 /* Build configuration list for PBXNativeTarget "FourWheelManufacturersDemoUITests" */ = {
			isa = XCConfigurationList;
			buildConfigurations = (
				924BCC192C4B7A9D00ACE7A0 /* Debug */,
				924BCC1A2C4B7A9D00ACE7A0 /* Release */,
			);
			defaultConfigurationIsVisible = 0;
			defaultConfigurationName = Release;
		};
/* End XCConfigurationList section */
	};
	rootObject = 924BCBE02C4B7A9C00ACE7A0 /* Project object */;
}
